
Microsoft Visual Studio Solution File, Format Version 12.00
# Visual Studio Version 17
VisualStudioVersion = 17.0.31919.166
MinimumVisualStudioVersion = 10.0.40219.1
Project("{FAE04EC0-301F-11D3-BF4B-00C04F79EFBC}") = "CastleBurguersOf", "CastleBurguersOf.csproj", "{69DA0A90-F889-45E4-801D-6AA7B1B8BE95}"
EndProject
Global
	GlobalSection(SolutionConfigurationPlatforms) = preSolution
		Debug|Any CPU = Debug|Any CPU
		Release|Any CPU = Release|Any CPU
	EndGlobalSection
	GlobalSection(ProjectConfigurationPlatforms) = postSolution
		{69DA0A90-F889-45E4-801D-6AA7B1B8BE95}.Debug|Any CPU.ActiveCfg = Debug|Any CPU
		{69DA0A90-F889-45E4-801D-6AA7B1B8BE95}.Debug|Any CPU.Build.0 = Debug|Any CPU
		{69DA0A90-F889-45E4-801D-6AA7B1B8BE95}.Release|Any CPU.ActiveCfg = Release|Any CPU
		{69DA0A90-F889-45E4-801D-6AA7B1B8BE95}.Release|Any CPU.Build.0 = Release|Any CPU
	EndGlobalSection
	GlobalSection(SolutionProperties) = preSolution
		HideSolutionNode = FALSE
	EndGlobalSection
	GlobalSection(ExtensibilityGlobals) = postSolution
		SolutionGuid = {9DB49AFD-B4C1-45E9-93D6-7166228DA9B0}
	EndGlobalSection
EndGlobal
